// !$*UTF8*$!
{
	archiveVersion = 1;
	classes = {
	};
	objectVersion = 46;
	objects = {

/* Begin PBXBuildFile section */
		4F2B98D41E25096600469CA1 /* HAPPI00@2x.jpg in Resources */ = {isa = PBXBuildFile; fileRef = 4F2B98CB1E25096600469CA1 /* HAPPI00@2x.jpg */; };
		4F2B98D51E25096600469CA1 /* HAPPI19@2x.jpg in Resources */ = {isa = PBXBuildFile; fileRef = 4F2B98CC1E25096600469CA1 /* HAPPI19@2x.jpg */; };
		4F2B98D61E25096600469CA1 /* HAPPI_INFO_AN@2x.png in Resources */ = {isa = PBXBuildFile; fileRef = 4F2B98CD1E25096600469CA1 /* HAPPI_INFO_AN@2x.png */; };
		4F2B98D71E25096600469CA1 /* HAPPI_MAP@2x.jpg in Resources */ = {isa = PBXBuildFile; fileRef = 4F2B98CE1E25096600469CA1 /* HAPPI_MAP@2x.jpg */; };
		4F2B98D81E25096600469CA1 /* HAPPI_PRODUCT@2x.png in Resources */ = {isa = PBXBuildFile; fileRef = 4F2B98CF1E25096600469CA1 /* HAPPI_PRODUCT@2x.png */; };
		4F2B98D91E25096600469CA1 /* HAPPI_TIRA_IMATGES@2x.png in Resources */ = {isa = PBXBuildFile; fileRef = 4F2B98D01E25096600469CA1 /* HAPPI_TIRA_IMATGES@2x.png */; };
		4F2B98DA1E25096600469CA1 /* HAPPI_TITLE_BIG@2x.png in Resources */ = {isa = PBXBuildFile; fileRef = 4F2B98D11E25096600469CA1 /* HAPPI_TITLE_BIG@2x.png */; };
		4F2B98DB1E25096600469CA1 /* HAPPI_TITLE_SMALL@2x.png in Resources */ = {isa = PBXBuildFile; fileRef = 4F2B98D21E25096600469CA1 /* HAPPI_TITLE_SMALL@2x.png */; };
		4F2B98DC1E25096600469CA1 /* HAPPINESS@2x.png in Resources */ = {isa = PBXBuildFile; fileRef = 4F2B98D31E25096600469CA1 /* HAPPINESS@2x.png */; };
		4F2B98E81E25099F00469CA1 /* FANCY00@2x.jpg in Resources */ = {isa = PBXBuildFile; fileRef = 4F2B98DF1E25099F00469CA1 /* FANCY00@2x.jpg */; };
		4F2B98E91E25099F00469CA1 /* FANCY19@2x.jpg in Resources */ = {isa = PBXBuildFile; fileRef = 4F2B98E01E25099F00469CA1 /* FANCY19@2x.jpg */; };
		4F2B98EA1E25099F00469CA1 /* FANCY@2x.png in Resources */ = {isa = PBXBuildFile; fileRef = 4F2B98E11E25099F00469CA1 /* FANCY@2x.png */; };
		4F2B98EB1E25099F00469CA1 /* FANCY_INFO_AN@2x.png in Resources */ = {isa = PBXBuildFile; fileRef = 4F2B98E21E25099F00469CA1 /* FANCY_INFO_AN@2x.png */; };
		4F2B98EC1E25099F00469CA1 /* FANCY_MAP@2x.jpg in Resources */ = {isa = PBXBuildFile; fileRef = 4F2B98E31E25099F00469CA1 /* FANCY_MAP@2x.jpg */; };
		4F2B98ED1E25099F00469CA1 /* FANCY_PRODUCT@2x.png in Resources */ = {isa = PBXBuildFile; fileRef = 4F2B98E41E25099F00469CA1 /* FANCY_PRODUCT@2x.png */; };
		4F2B98EE1E25099F00469CA1 /* FANCY_TIRA_IMATGES@2x.png in Resources */ = {isa = PBXBuildFile; fileRef = 4F2B98E51E25099F00469CA1 /* FANCY_TIRA_IMATGES@2x.png */; };
		4F2B98EF1E25099F00469CA1 /* FANCY_TITLE_BIG@2x.png in Resources */ = {isa = PBXBuildFile; fileRef = 4F2B98E61E25099F00469CA1 /* FANCY_TITLE_BIG@2x.png */; };
		4F2B98F01E25099F00469CA1 /* FANCY_TITLE_SMALL@2x.png in Resources */ = {isa = PBXBuildFile; fileRef = 4F2B98E71E25099F00469CA1 /* FANCY_TITLE_SMALL@2x.png */; };
		4F2B98FA1E2509AC00469CA1 /* CLICK_BUTTON@2x.png in Resources */ = {isa = PBXBuildFile; fileRef = 4F2B98F21E2509AC00469CA1 /* CLICK_BUTTON@2x.png */; };
		4F2B98FB1E2509AC00469CA1 /* FACEBOOK@2x.png in Resources */ = {isa = PBXBuildFile; fileRef = 4F2B98F31E2509AC00469CA1 /* FACEBOOK@2x.png */; };
		4F2B98FC1E2509AC00469CA1 /* header_fletxa_fitxa@2x.png in Resources */ = {isa = PBXBuildFile; fileRef = 4F2B98F41E2509AC00469CA1 /* header_fletxa_fitxa@2x.png */; };
		4F2B98FD1E2509AC00469CA1 /* LIKE@2x.png in Resources */ = {isa = PBXBuildFile; fileRef = 4F2B98F51E2509AC00469CA1 /* LIKE@2x.png */; };
		4F2B98FE1E2509AC00469CA1 /* MENU@2x.png in Resources */ = {isa = PBXBuildFile; fileRef = 4F2B98F61E2509AC00469CA1 /* MENU@2x.png */; };
		4F2B98FF1E2509AC00469CA1 /* SHOP_BUTTON@2x.png in Resources */ = {isa = PBXBuildFile; fileRef = 4F2B98F71E2509AC00469CA1 /* SHOP_BUTTON@2x.png */; };
		4F2B99001E2509AC00469CA1 /* TWITTER@2x.png in Resources */ = {isa = PBXBuildFile; fileRef = 4F2B98F81E2509AC00469CA1 /* TWITTER@2x.png */; };
		4F2B99011E2509AC00469CA1 /* UNPIXELNEGRE@2x.png in Resources */ = {isa = PBXBuildFile; fileRef = 4F2B98F91E2509AC00469CA1 /* UNPIXELNEGRE@2x.png */; };
		4F2B990B1E2509FF00469CA1 /* 1-presentation-slider-navigation-background@2x.png in Resources */ = {isa = PBXBuildFile; fileRef = 4F2B99041E2509FF00469CA1 /* 1-presentation-slider-navigation-background@2x.png */; };
		4F2B990C1E2509FF00469CA1 /* 1-presentation-slider-navigation-button-on@2x.png in Resources */ = {isa = PBXBuildFile; fileRef = 4F2B99051E2509FF00469CA1 /* 1-presentation-slider-navigation-button-on@2x.png */; };
		4F2B990D1E2509FF00469CA1 /* 1-presentation-slider-navigation-button@2x.png in Resources */ = {isa = PBXBuildFile; fileRef = 4F2B99061E2509FF00469CA1 /* 1-presentation-slider-navigation-button@2x.png */; };
		4F2B990E1E2509FF00469CA1 /* 1-presentation-slider-navigation-background@2x.png in Resources */ = {isa = PBXBuildFile; fileRef = 4F2B99081E2509FF00469CA1 /* 1-presentation-slider-navigation-background@2x.png */; };
		4F2B990F1E2509FF00469CA1 /* 1-presentation-slider-navigation-button-on@2x.png in Resources */ = {isa = PBXBuildFile; fileRef = 4F2B99091E2509FF00469CA1 /* 1-presentation-slider-navigation-button-on@2x.png */; };
		4F2B99101E2509FF00469CA1 /* 1-presentation-slider-navigation-button@2x.png in Resources */ = {isa = PBXBuildFile; fileRef = 4F2B990A1E2509FF00469CA1 /* 1-presentation-slider-navigation-button@2x.png */; };
		4FC906221E1FBF6800ECCAFB /* main.m in Sources */ = {isa = PBXBuildFile; fileRef = 4FC906211E1FBF6800ECCAFB /* main.m */; };
		4FC906251E1FBF6800ECCAFB /* AppDelegate.m in Sources */ = {isa = PBXBuildFile; fileRef = 4FC906241E1FBF6800ECCAFB /* AppDelegate.m */; };
		4FC906281E1FBF6800ECCAFB /* ViewController.m in Sources */ = {isa = PBXBuildFile; fileRef = 4FC906271E1FBF6800ECCAFB /* ViewController.m */; };
		4FC9062B1E1FBF6800ECCAFB /* Main.storyboard in Resources */ = {isa = PBXBuildFile; fileRef = 4FC906291E1FBF6800ECCAFB /* Main.storyboard */; };
		4FC9062D1E1FBF6800ECCAFB /* Assets.xcassets in Resources */ = {isa = PBXBuildFile; fileRef = 4FC9062C1E1FBF6800ECCAFB /* Assets.xcassets */; };
		4FC906301E1FBF6800ECCAFB /* LaunchScreen.storyboard in Resources */ = {isa = PBXBuildFile; fileRef = 4FC9062E1E1FBF6800ECCAFB /* LaunchScreen.storyboard */; };
/* End PBXBuildFile section */

/* Begin PBXFileReference section */
		4F2B98CB1E25096600469CA1 /* HAPPI00@2x.jpg */ = {isa = PBXFileReference; lastKnownFileType = image.jpeg; path = "HAPPI00@2x.jpg"; sourceTree = "<group>"; };
		4F2B98CC1E25096600469CA1 /* HAPPI19@2x.jpg */ = {isa = PBXFileReference; lastKnownFileType = image.jpeg; path = "HAPPI19@2x.jpg"; sourceTree = "<group>"; };
		4F2B98CD1E25096600469CA1 /* HAPPI_INFO_AN@2x.png */ = {isa = PBXFileReference; lastKnownFileType = image.png; path = "HAPPI_INFO_AN@2x.png"; sourceTree = "<group>"; };
		4F2B98CE1E25096600469CA1 /* HAPPI_MAP@2x.jpg */ = {isa = PBXFileReference; lastKnownFileType = image.jpeg; path = "HAPPI_MAP@2x.jpg"; sourceTree = "<group>"; };
		4F2B98CF1E25096600469CA1 /* HAPPI_PRODUCT@2x.png */ = {isa = PBXFileReference; lastKnownFileType = image.png; path = "HAPPI_PRODUCT@2x.png"; sourceTree = "<group>"; };
		4F2B98D01E25096600469CA1 /* HAPPI_TIRA_IMATGES@2x.png */ = {isa = PBXFileReference; lastKnownFileType = image.png; path = "HAPPI_TIRA_IMATGES@2x.png"; sourceTree = "<group>"; };
		4F2B98D11E25096600469CA1 /* HAPPI_TITLE_BIG@2x.png */ = {isa = PBXFileReference; lastKnownFileType = image.png; path = "HAPPI_TITLE_BIG@2x.png"; sourceTree = "<group>"; };
		4F2B98D21E25096600469CA1 /* HAPPI_TITLE_SMALL@2x.png */ = {isa = PBXFileReference; lastKnownFileType = image.png; path = "HAPPI_TITLE_SMALL@2x.png"; sourceTree = "<group>"; };
		4F2B98D31E25096600469CA1 /* HAPPINESS@2x.png */ = {isa = PBXFileReference; lastKnownFileType = image.png; path = "HAPPINESS@2x.png"; sourceTree = "<group>"; };
		4F2B98DF1E25099F00469CA1 /* FANCY00@2x.jpg */ = {isa = PBXFileReference; lastKnownFileType = image.jpeg; path = "FANCY00@2x.jpg"; sourceTree = "<group>"; };
		4F2B98E01E25099F00469CA1 /* FANCY19@2x.jpg */ = {isa = PBXFileReference; lastKnownFileType = image.jpeg; path = "FANCY19@2x.jpg"; sourceTree = "<group>"; };
		4F2B98E11E25099F00469CA1 /* FANCY@2x.png */ = {isa = PBXFileReference; lastKnownFileType = image.png; path = "FANCY@2x.png"; sourceTree = "<group>"; };
		4F2B98E21E25099F00469CA1 /* FANCY_INFO_AN@2x.png */ = {isa = PBXFileReference; lastKnownFileType = image.png; path = "FANCY_INFO_AN@2x.png"; sourceTree = "<group>"; };
		4F2B98E31E25099F00469CA1 /* FANCY_MAP@2x.jpg */ = {isa = PBXFileReference; lastKnownFileType = image.jpeg; path = "FANCY_MAP@2x.jpg"; sourceTree = "<group>"; };
		4F2B98E41E25099F00469CA1 /* FANCY_PRODUCT@2x.png */ = {isa = PBXFileReference; lastKnownFileType = image.png; path = "FANCY_PRODUCT@2x.png"; sourceTree = "<group>"; };
		4F2B98E51E25099F00469CA1 /* FANCY_TIRA_IMATGES@2x.png */ = {isa = PBXFileReference; lastKnownFileType = image.png; path = "FANCY_TIRA_IMATGES@2x.png"; sourceTree = "<group>"; };
		4F2B98E61E25099F00469CA1 /* FANCY_TITLE_BIG@2x.png */ = {isa = PBXFileReference; lastKnownFileType = image.png; path = "FANCY_TITLE_BIG@2x.png"; sourceTree = "<group>"; };
		4F2B98E71E25099F00469CA1 /* FANCY_TITLE_SMALL@2x.png */ = {isa = PBXFileReference; lastKnownFileType = image.png; path = "FANCY_TITLE_SMALL@2x.png"; sourceTree = "<group>"; };
		4F2B98F21E2509AC00469CA1 /* CLICK_BUTTON@2x.png */ = {isa = PBXFileReference; lastKnownFileType = image.png; path = "CLICK_BUTTON@2x.png"; sourceTree = "<group>"; };
		4F2B98F31E2509AC00469CA1 /* FACEBOOK@2x.png */ = {isa = PBXFileReference; lastKnownFileType = image.png; path = "FACEBOOK@2x.png"; sourceTree = "<group>"; };
		4F2B98F41E2509AC00469CA1 /* header_fletxa_fitxa@2x.png */ = {isa = PBXFileReference; lastKnownFileType = image.png; path = "header_fletxa_fitxa@2x.png"; sourceTree = "<group>"; };
		4F2B98F51E2509AC00469CA1 /* LIKE@2x.png */ = {isa = PBXFileReference; lastKnownFileType = image.png; path = "LIKE@2x.png"; sourceTree = "<group>"; };
		4F2B98F61E2509AC00469CA1 /* MENU@2x.png */ = {isa = PBXFileReference; lastKnownFileType = image.png; path = "MENU@2x.png"; sourceTree = "<group>"; };
		4F2B98F71E2509AC00469CA1 /* SHOP_BUTTON@2x.png */ = {isa = PBXFileReference; lastKnownFileType = image.png; path = "SHOP_BUTTON@2x.png"; sourceTree = "<group>"; };
		4F2B98F81E2509AC00469CA1 /* TWITTER@2x.png */ = {isa = PBXFileReference; lastKnownFileType = image.png; path = "TWITTER@2x.png"; sourceTree = "<group>"; };
		4F2B98F91E2509AC00469CA1 /* UNPIXELNEGRE@2x.png */ = {isa = PBXFileReference; lastKnownFileType = image.png; path = "UNPIXELNEGRE@2x.png"; sourceTree = "<group>"; };
		4F2B99041E2509FF00469CA1 /* 1-presentation-slider-navigation-background@2x.png */ = {isa = PBXFileReference; lastKnownFileType = image.png; path = "1-presentation-slider-navigation-background@2x.png"; sourceTree = "<group>"; };
		4F2B99051E2509FF00469CA1 /* 1-presentation-slider-navigation-button-on@2x.png */ = {isa = PBXFileReference; lastKnownFileType = image.png; path = "1-presentation-slider-navigation-button-on@2x.png"; sourceTree = "<group>"; };
		4F2B99061E2509FF00469CA1 /* 1-presentation-slider-navigation-button@2x.png */ = {isa = PBXFileReference; lastKnownFileType = image.png; path = "1-presentation-slider-navigation-button@2x.png"; sourceTree = "<group>"; };
		4F2B99081E2509FF00469CA1 /* 1-presentation-slider-navigation-background@2x.png */ = {isa = PBXFileReference; lastKnownFileType = image.png; path = "1-presentation-slider-navigation-background@2x.png"; sourceTree = "<group>"; };
		4F2B99091E2509FF00469CA1 /* 1-presentation-slider-navigation-button-on@2x.png */ = {isa = PBXFileReference; lastKnownFileType = image.png; path = "1-presentation-slider-navigation-button-on@2x.png"; sourceTree = "<group>"; };
		4F2B990A1E2509FF00469CA1 /* 1-presentation-slider-navigation-button@2x.png */ = {isa = PBXFileReference; lastKnownFileType = image.png; path = "1-presentation-slider-navigation-button@2x.png"; sourceTree = "<group>"; };
		4FC9061D1E1FBF6800ECCAFB /* entrega2Scroll.app */ = {isa = PBXFileReference; explicitFileType = wrapper.application; includeInIndex = 0; path = entrega2Scroll.app; sourceTree = BUILT_PRODUCTS_DIR; };
		4FC906211E1FBF6800ECCAFB /* main.m */ = {isa = PBXFileReference; lastKnownFileType = sourcecode.c.objc; path = main.m; sourceTree = "<group>"; };
		4FC906231E1FBF6800ECCAFB /* AppDelegate.h */ = {isa = PBXFileReference; lastKnownFileType = sourcecode.c.h; path = AppDelegate.h; sourceTree = "<group>"; };
		4FC906241E1FBF6800ECCAFB /* AppDelegate.m */ = {isa = PBXFileReference; lastKnownFileType = sourcecode.c.objc; path = AppDelegate.m; sourceTree = "<group>"; };
		4FC906261E1FBF6800ECCAFB /* ViewController.h */ = {isa = PBXFileReference; lastKnownFileType = sourcecode.c.h; path = ViewController.h; sourceTree = "<group>"; };
		4FC906271E1FBF6800ECCAFB /* ViewController.m */ = {isa = PBXFileReference; lastKnownFileType = sourcecode.c.objc; path = ViewController.m; sourceTree = "<group>"; };
		4FC9062A1E1FBF6800ECCAFB /* Base */ = {isa = PBXFileReference; lastKnownFileType = file.storyboard; name = Base; path = Base.lproj/Main.storyboard; sourceTree = "<group>"; };
		4FC9062C1E1FBF6800ECCAFB /* Assets.xcassets */ = {isa = PBXFileReference; lastKnownFileType = folder.assetcatalog; path = Assets.xcassets; sourceTree = "<group>"; };
		4FC9062F1E1FBF6800ECCAFB /* Base */ = {isa = PBXFileReference; lastKnownFileType = file.storyboard; name = Base; path = Base.lproj/LaunchScreen.storyboard; sourceTree = "<group>"; };
		4FC906311E1FBF6800ECCAFB /* Info.plist */ = {isa = PBXFileReference; lastKnownFileType = text.plist.xml; path = Info.plist; sourceTree = "<group>"; };
/* End PBXFileReference section */

/* Begin PBXFrameworksBuildPhase section */
		4FC9061A1E1FBF6800ECCAFB /* Frameworks */ = {
			isa = PBXFrameworksBuildPhase;
			buildActionMask = 2147483647;
			files = (
			);
			runOnlyForDeploymentPostprocessing = 0;
		};
/* End PBXFrameworksBuildPhase section */

/* Begin PBXGroup section */
		4F2B98CA1E25096600469CA1 /* 01_Happiness */ = {
			isa = PBXGroup;
			children = (
				4F2B98CB1E25096600469CA1 /* HAPPI00@2x.jpg */,
				4F2B98CC1E25096600469CA1 /* HAPPI19@2x.jpg */,
				4F2B98CD1E25096600469CA1 /* HAPPI_INFO_AN@2x.png */,
				4F2B98CE1E25096600469CA1 /* HAPPI_MAP@2x.jpg */,
				4F2B98CF1E25096600469CA1 /* HAPPI_PRODUCT@2x.png */,
				4F2B98D01E25096600469CA1 /* HAPPI_TIRA_IMATGES@2x.png */,
				4F2B98D11E25096600469CA1 /* HAPPI_TITLE_BIG@2x.png */,
				4F2B98D21E25096600469CA1 /* HAPPI_TITLE_SMALL@2x.png */,
				4F2B98D31E25096600469CA1 /* HAPPINESS@2x.png */,
			);
			path = 01_Happiness;
			sourceTree = "<group>";
		};
		4F2B98DD1E25098300469CA1 /* Images */ = {
			isa = PBXGroup;
			children = (
				4F2B99021E2509FF00469CA1 /* Presentation_Buttons */,
				4F2B98CA1E25096600469CA1 /* 01_Happiness */,
				4F2B98DE1E25099F00469CA1 /* 02_Fancy */,
				4F2B98F11E2509AC00469CA1 /* General */,
			);
			name = Images;
			sourceTree = "<group>";
		};
		4F2B98DE1E25099F00469CA1 /* 02_Fancy */ = {
			isa = PBXGroup;
			children = (
				4F2B98DF1E25099F00469CA1 /* FANCY00@2x.jpg */,
				4F2B98E01E25099F00469CA1 /* FANCY19@2x.jpg */,
				4F2B98E11E25099F00469CA1 /* FANCY@2x.png */,
				4F2B98E21E25099F00469CA1 /* FANCY_INFO_AN@2x.png */,
				4F2B98E31E25099F00469CA1 /* FANCY_MAP@2x.jpg */,
				4F2B98E41E25099F00469CA1 /* FANCY_PRODUCT@2x.png */,
				4F2B98E51E25099F00469CA1 /* FANCY_TIRA_IMATGES@2x.png */,
				4F2B98E61E25099F00469CA1 /* FANCY_TITLE_BIG@2x.png */,
				4F2B98E71E25099F00469CA1 /* FANCY_TITLE_SMALL@2x.png */,
			);
			path = 02_Fancy;
			sourceTree = "<group>";
		};
		4F2B98F11E2509AC00469CA1 /* General */ = {
			isa = PBXGroup;
			children = (
				4F2B98F21E2509AC00469CA1 /* CLICK_BUTTON@2x.png */,
				4F2B98F31E2509AC00469CA1 /* FACEBOOK@2x.png */,
				4F2B98F41E2509AC00469CA1 /* header_fletxa_fitxa@2x.png */,
				4F2B98F51E2509AC00469CA1 /* LIKE@2x.png */,
				4F2B98F61E2509AC00469CA1 /* MENU@2x.png */,
				4F2B98F71E2509AC00469CA1 /* SHOP_BUTTON@2x.png */,
				4F2B98F81E2509AC00469CA1 /* TWITTER@2x.png */,
				4F2B98F91E2509AC00469CA1 /* UNPIXELNEGRE@2x.png */,
			);
			name = General;
			path = 01_Happiness/General;
			sourceTree = "<group>";
		};
		4F2B99021E2509FF00469CA1 /* Presentation_Buttons */ = {
			isa = PBXGroup;
			children = (
				4F2B99031E2509FF00469CA1 /* 50percent */,
				4F2B99071E2509FF00469CA1 /* @2x */,
			);
			path = Presentation_Buttons;
			sourceTree = "<group>";
		};
		4F2B99031E2509FF00469CA1 /* 50percent */ = {
			isa = PBXGroup;
			children = (
				4F2B99041E2509FF00469CA1 /* 1-presentation-slider-navigation-background@2x.png */,
				4F2B99051E2509FF00469CA1 /* 1-presentation-slider-navigation-button-on@2x.png */,
				4F2B99061E2509FF00469CA1 /* 1-presentation-slider-navigation-button@2x.png */,
			);
			path = 50percent;
			sourceTree = "<group>";
		};
		4F2B99071E2509FF00469CA1 /* @2x */ = {
			isa = PBXGroup;
			children = (
				4F2B99081E2509FF00469CA1 /* 1-presentation-slider-navigation-background@2x.png */,
				4F2B99091E2509FF00469CA1 /* 1-presentation-slider-navigation-button-on@2x.png */,
				4F2B990A1E2509FF00469CA1 /* 1-presentation-slider-navigation-button@2x.png */,
			);
			path = "@2x";
			sourceTree = "<group>";
		};
		4FC906141E1FBF6800ECCAFB = {
			isa = PBXGroup;
			children = (
				4F2B98DD1E25098300469CA1 /* Images */,
				4FC9061F1E1FBF6800ECCAFB /* entrega2Scroll */,
				4FC9061E1E1FBF6800ECCAFB /* Products */,
			);
			sourceTree = "<group>";
		};
		4FC9061E1E1FBF6800ECCAFB /* Products */ = {
			isa = PBXGroup;
			children = (
				4FC9061D1E1FBF6800ECCAFB /* entrega2Scroll.app */,
			);
			name = Products;
			sourceTree = "<group>";
		};
		4FC9061F1E1FBF6800ECCAFB /* entrega2Scroll */ = {
			isa = PBXGroup;
			children = (
				4FC906231E1FBF6800ECCAFB /* AppDelegate.h */,
				4FC906241E1FBF6800ECCAFB /* AppDelegate.m */,
				4FC906261E1FBF6800ECCAFB /* ViewController.h */,
				4FC906271E1FBF6800ECCAFB /* ViewController.m */,
				4FC906291E1FBF6800ECCAFB /* Main.storyboard */,
				4FC9062C1E1FBF6800ECCAFB /* Assets.xcassets */,
				4FC9062E1E1FBF6800ECCAFB /* LaunchScreen.storyboard */,
				4FC906311E1FBF6800ECCAFB /* Info.plist */,
				4FC906201E1FBF6800ECCAFB /* Supporting Files */,
			);
			path = entrega2Scroll;
			sourceTree = "<group>";
		};
		4FC906201E1FBF6800ECCAFB /* Supporting Files */ = {
			isa = PBXGroup;
			children = (
				4FC906211E1FBF6800ECCAFB /* main.m */,
			);
			name = "Supporting Files";
			sourceTree = "<group>";
		};
/* End PBXGroup section */

/* Begin PBXNativeTarget section */
		4FC9061C1E1FBF6800ECCAFB /* entrega2Scroll */ = {
			isa = PBXNativeTarget;
			buildConfigurationList = 4FC906341E1FBF6800ECCAFB /* Build configuration list for PBXNativeTarget "entrega2Scroll" */;
			buildPhases = (
				4FC906191E1FBF6800ECCAFB /* Sources */,
				4FC9061A1E1FBF6800ECCAFB /* Frameworks */,
				4FC9061B1E1FBF6800ECCAFB /* Resources */,
			);
			buildRules = (
			);
			dependencies = (
			);
			name = entrega2Scroll;
			productName = entrega2Scroll;
			productReference = 4FC9061D1E1FBF6800ECCAFB /* entrega2Scroll.app */;
			productType = "com.apple.product-type.application";
		};
/* End PBXNativeTarget section */

/* Begin PBXProject section */
		4FC906151E1FBF6800ECCAFB /* Project object */ = {
			isa = PBXProject;
			attributes = {
				LastUpgradeCheck = 0820;
				ORGANIZATIONNAME = dedam;
				TargetAttributes = {
					4FC9061C1E1FBF6800ECCAFB = {
						CreatedOnToolsVersion = 8.2.1;
						ProvisioningStyle = Automatic;
					};
				};
			};
			buildConfigurationList = 4FC906181E1FBF6800ECCAFB /* Build configuration list for PBXProject "entrega2Scroll" */;
			compatibilityVersion = "Xcode 3.2";
			developmentRegion = English;
			hasScannedForEncodings = 0;
			knownRegions = (
				en,
				Base,
			);
			mainGroup = 4FC906141E1FBF6800ECCAFB;
			productRefGroup = 4FC9061E1E1FBF6800ECCAFB /* Products */;
			projectDirPath = "";
			projectRoot = "";
			targets = (
				4FC9061C1E1FBF6800ECCAFB /* entrega2Scroll */,
			);
		};
/* End PBXProject section */

/* Begin PBXResourcesBuildPhase section */
		4FC9061B1E1FBF6800ECCAFB /* Resources */ = {
			isa = PBXResourcesBuildPhase;
			buildActionMask = 2147483647;
			files = (
				4F2B98D61E25096600469CA1 /* HAPPI_INFO_AN@2x.png in Resources */,
				4F2B98FE1E2509AC00469CA1 /* MENU@2x.png in Resources */,
				4F2B98DA1E25096600469CA1 /* HAPPI_TITLE_BIG@2x.png in Resources */,
				4F2B98EF1E25099F00469CA1 /* FANCY_TITLE_BIG@2x.png in Resources */,
				4F2B98E91E25099F00469CA1 /* FANCY19@2x.jpg in Resources */,
				4F2B990E1E2509FF00469CA1 /* 1-presentation-slider-navigation-background@2x.png in Resources */,
				4F2B98D51E25096600469CA1 /* HAPPI19@2x.jpg in Resources */,
				4F2B98D91E25096600469CA1 /* HAPPI_TIRA_IMATGES@2x.png in Resources */,
				4F2B99011E2509AC00469CA1 /* UNPIXELNEGRE@2x.png in Resources */,
				4F2B98E81E25099F00469CA1 /* FANCY00@2x.jpg in Resources */,
				4FC906301E1FBF6800ECCAFB /* LaunchScreen.storyboard in Resources */,
				4F2B98FF1E2509AC00469CA1 /* SHOP_BUTTON@2x.png in Resources */,
				4F2B98F01E25099F00469CA1 /* FANCY_TITLE_SMALL@2x.png in Resources */,
				4F2B98D81E25096600469CA1 /* HAPPI_PRODUCT@2x.png in Resources */,
				4F2B98DB1E25096600469CA1 /* HAPPI_TITLE_SMALL@2x.png in Resources */,
				4F2B98FD1E2509AC00469CA1 /* LIKE@2x.png in Resources */,
				4F2B98D41E25096600469CA1 /* HAPPI00@2x.jpg in Resources */,
				4F2B98ED1E25099F00469CA1 /* FANCY_PRODUCT@2x.png in Resources */,
				4F2B98DC1E25096600469CA1 /* HAPPINESS@2x.png in Resources */,
				4F2B98FC1E2509AC00469CA1 /* header_fletxa_fitxa@2x.png in Resources */,
				4F2B990C1E2509FF00469CA1 /* 1-presentation-slider-navigation-button-on@2x.png in Resources */,
				4F2B98EB1E25099F00469CA1 /* FANCY_INFO_AN@2x.png in Resources */,
				4F2B98EA1E25099F00469CA1 /* FANCY@2x.png in Resources */,
				4F2B99101E2509FF00469CA1 /* 1-presentation-slider-navigation-button@2x.png in Resources */,
				4F2B98D71E25096600469CA1 /* HAPPI_MAP@2x.jpg in Resources */,
				4F2B98FA1E2509AC00469CA1 /* CLICK_BUTTON@2x.png in Resources */,
				4FC9062D1E1FBF6800ECCAFB /* Assets.xcassets in Resources */,
				4FC9062B1E1FBF6800ECCAFB /* Main.storyboard in Resources */,
				4F2B98FB1E2509AC00469CA1 /* FACEBOOK@2x.png in Resources */,
				4F2B990D1E2509FF00469CA1 /* 1-presentation-slider-navigation-button@2x.png in Resources */,
				4F2B98EC1E25099F00469CA1 /* FANCY_MAP@2x.jpg in Resources */,
				4F2B990F1E2509FF00469CA1 /* 1-presentation-slider-navigation-button-on@2x.png in Resources */,
				4F2B99001E2509AC00469CA1 /* TWITTER@2x.png in Resources */,
				4F2B98EE1E25099F00469CA1 /* FANCY_TIRA_IMATGES@2x.png in Resources */,
				4F2B990B1E2509FF00469CA1 /* 1-presentation-slider-navigation-background@2x.png in Resources */,
			);
			runOnlyForDeploymentPostprocessing = 0;
		};
/* End PBXResourcesBuildPhase section */

/* Begin PBXSourcesBuildPhase section */
		4FC906191E1FBF6800ECCAFB /* Sources */ = {
			isa = PBXSourcesBuildPhase;
			buildActionMask = 2147483647;
			files = (
				4FC906281E1FBF6800ECCAFB /* ViewController.m in Sources */,
				4FC906251E1FBF6800ECCAFB /* AppDelegate.m in Sources */,
				4FC906221E1FBF6800ECCAFB /* main.m in Sources */,
			);
			runOnlyForDeploymentPostprocessing = 0;
		};
/* End PBXSourcesBuildPhase section */

/* Begin PBXVariantGroup section */
		4FC906291E1FBF6800ECCAFB /* Main.storyboard */ = {
			isa = PBXVariantGroup;
			children = (
				4FC9062A1E1FBF6800ECCAFB /* Base */,
			);
			name = Main.storyboard;
			sourceTree = "<group>";
		};
		4FC9062E1E1FBF6800ECCAFB /* LaunchScreen.storyboard */ = {
			isa = PBXVariantGroup;
			children = (
				4FC9062F1E1FBF6800ECCAFB /* Base */,
			);
			name = LaunchScreen.storyboard;
			sourceTree = "<group>";
		};
/* End PBXVariantGroup section */

/* Begin XCBuildConfiguration section */
		4FC906321E1FBF6800ECCAFB /* Debug */ = {
			isa = XCBuildConfiguration;
			buildSettings = {
				ALWAYS_SEARCH_USER_PATHS = NO;
				CLANG_ANALYZER_NONNULL = YES;
				CLANG_CXX_LANGUAGE_STANDARD = "gnu++0x";
				CLANG_CXX_LIBRARY = "libc++";
				CLANG_ENABLE_MODULES = YES;
				CLANG_ENABLE_OBJC_ARC = YES;
				CLANG_WARN_BOOL_CONVERSION = YES;
				CLANG_WARN_CONSTANT_CONVERSION = YES;
				CLANG_WARN_DIRECT_OBJC_ISA_USAGE = YES_ERROR;
				CLANG_WARN_DOCUMENTATION_COMMENTS = YES;
				CLANG_WARN_EMPTY_BODY = YES;
				CLANG_WARN_ENUM_CONVERSION = YES;
				CLANG_WARN_INFINITE_RECURSION = YES;
				CLANG_WARN_INT_CONVERSION = YES;
				CLANG_WARN_OBJC_ROOT_CLASS = YES_ERROR;
				CLANG_WARN_SUSPICIOUS_MOVE = YES;
				CLANG_WARN_UNREACHABLE_CODE = YES;
				CLANG_WARN__DUPLICATE_METHOD_MATCH = YES;
				"CODE_SIGN_IDENTITY[sdk=iphoneos*]" = "iPhone Developer";
				COPY_PHASE_STRIP = NO;
				DEBUG_INFORMATION_FORMAT = dwarf;
				ENABLE_STRICT_OBJC_MSGSEND = YES;
				ENABLE_TESTABILITY = YES;
				GCC_C_LANGUAGE_STANDARD = gnu99;
				GCC_DYNAMIC_NO_PIC = NO;
				GCC_NO_COMMON_BLOCKS = YES;
				GCC_OPTIMIZATION_LEVEL = 0;
				GCC_PREPROCESSOR_DEFINITIONS = (
					"DEBUG=1",
					"$(inherited)",
				);
				GCC_WARN_64_TO_32_BIT_CONVERSION = YES;
				GCC_WARN_ABOUT_RETURN_TYPE = YES_ERROR;
				GCC_WARN_UNDECLARED_SELECTOR = YES;
				GCC_WARN_UNINITIALIZED_AUTOS = YES_AGGRESSIVE;
				GCC_WARN_UNUSED_FUNCTION = YES;
				GCC_WARN_UNUSED_VARIABLE = YES;
				IPHONEOS_DEPLOYMENT_TARGET = 10.2;
				MTL_ENABLE_DEBUG_INFO = YES;
				ONLY_ACTIVE_ARCH = YES;
				SDKROOT = iphoneos;
			};
			name = Debug;
		};
		4FC906331E1FBF6800ECCAFB /* Release */ = {
			isa = XCBuildConfiguration;
			buildSettings = {
				ALWAYS_SEARCH_USER_PATHS = NO;
				CLANG_ANALYZER_NONNULL = YES;
				CLANG_CXX_LANGUAGE_STANDARD = "gnu++0x";
				CLANG_CXX_LIBRARY = "libc++";
				CLANG_ENABLE_MODULES = YES;
				CLANG_ENABLE_OBJC_ARC = YES;
				CLANG_WARN_BOOL_CONVERSION = YES;
				CLANG_WARN_CONSTANT_CONVERSION = YES;
				CLANG_WARN_DIRECT_OBJC_ISA_USAGE = YES_ERROR;
				CLANG_WARN_DOCUMENTATION_COMMENTS = YES;
				CLANG_WARN_EMPTY_BODY = YES;
				CLANG_WARN_ENUM_CONVERSION = YES;
				CLANG_WARN_INFINITE_RECURSION = YES;
				CLANG_WARN_INT_CONVERSION = YES;
				CLANG_WARN_OBJC_ROOT_CLASS = YES_ERROR;
				CLANG_WARN_SUSPICIOUS_MOVE = YES;
				CLANG_WARN_UNREACHABLE_CODE = YES;
				CLANG_WARN__DUPLICATE_METHOD_MATCH = YES;
				"CODE_SIGN_IDENTITY[sdk=iphoneos*]" = "iPhone Developer";
				COPY_PHASE_STRIP = NO;
				DEBUG_INFORMATION_FORMAT = "dwarf-with-dsym";
				ENABLE_NS_ASSERTIONS = NO;
				ENABLE_STRICT_OBJC_MSGSEND = YES;
				GCC_C_LANGUAGE_STANDARD = gnu99;
				GCC_NO_COMMON_BLOCKS = YES;
				GCC_WARN_64_TO_32_BIT_CONVERSION = YES;
				GCC_WARN_ABOUT_RETURN_TYPE = YES_ERROR;
				GCC_WARN_UNDECLARED_SELECTOR = YES;
				GCC_WARN_UNINITIALIZED_AUTOS = YES_AGGRESSIVE;
				GCC_WARN_UNUSED_FUNCTION = YES;
				GCC_WARN_UNUSED_VARIABLE = YES;
				IPHONEOS_DEPLOYMENT_TARGET = 10.2;
				MTL_ENABLE_DEBUG_INFO = NO;
				SDKROOT = iphoneos;
				VALIDATE_PRODUCT = YES;
			};
			name = Release;
		};
		4FC906351E1FBF6800ECCAFB /* Debug */ = {
			isa = XCBuildConfiguration;
			buildSettings = {
				ASSETCATALOG_COMPILER_APPICON_NAME = AppIcon;
				INFOPLIST_FILE = entrega2Scroll/Info.plist;
				LD_RUNPATH_SEARCH_PATHS = "$(inherited) @executable_path/Frameworks";
				PRODUCT_BUNDLE_IDENTIFIER = uab.entrega2Scroll;
				PRODUCT_NAME = "$(TARGET_NAME)";
			};
			name = Debug;
		};
		4FC906361E1FBF6800ECCAFB /* Release */ = {
			isa = XCBuildConfiguration;
			buildSettings = {
				ASSETCATALOG_COMPILER_APPICON_NAME = AppIcon;
				INFOPLIST_FILE = entrega2Scroll/Info.plist;
				LD_RUNPATH_SEARCH_PATHS = "$(inherited) @executable_path/Frameworks";
				PRODUCT_BUNDLE_IDENTIFIER = uab.entrega2Scroll;
				PRODUCT_NAME = "$(TARGET_NAME)";
			};
			name = Release;
		};
/* End XCBuildConfiguration section */

/* Begin XCConfigurationList section */
		4FC906181E1FBF6800ECCAFB /* Build configuration list for PBXProject "entrega2Scroll" */ = {
			isa = XCConfigurationList;
			buildConfigurations = (
				4FC906321E1FBF6800ECCAFB /* Debug */,
				4FC906331E1FBF6800ECCAFB /* Release */,
			);
			defaultConfigurationIsVisible = 0;
			defaultConfigurationName = Release;
		};
		4FC906341E1FBF6800ECCAFB /* Build configuration list for PBXNativeTarget "entrega2Scroll" */ = {
			isa = XCConfigurationList;
			buildConfigurations = (
				4FC906351E1FBF6800ECCAFB /* Debug */,
				4FC906361E1FBF6800ECCAFB /* Release */,
			);
			defaultConfigurationIsVisible = 0;
			defaultConfigurationName = Release;
		};
/* End XCConfigurationList section */
	};
	rootObject = 4FC906151E1FBF6800ECCAFB /* Project object */;
}
